
Microsoft Visual Studio Solution File, Format Version 12.00
# Visual Studio Version 17
VisualStudioVersion = 17.14.36603.0 d17.14
MinimumVisualStudioVersion = 10.0.40219.1
Project("{FAE04EC0-301F-11D3-BF4B-00C04F79EFBC}") = "operator", "operator.csproj", "{F7AC20FE-F81D-438A-8468-04B07A9659D8}"
EndProject
Global
	GlobalSection(SolutionConfigurationPlatforms) = preSolution
		Debug|Any CPU = Debug|Any CPU
		Release|Any CPU = Release|Any CPU
	EndGlobalSection
	GlobalSection(ProjectConfigurationPlatforms) = postSolution
		{F7AC20FE-F81D-438A-8468-04B07A9659D8}.Debug|Any CPU.ActiveCfg = Debug|Any CPU
		{F7AC20FE-F81D-438A-8468-04B07A9659D8}.Debug|Any CPU.Build.0 = Debug|Any CPU
		{F7AC20FE-F81D-438A-8468-04B07A9659D8}.Release|Any CPU.ActiveCfg = Release|Any CPU
		{F7AC20FE-F81D-438A-8468-04B07A9659D8}.Release|Any CPU.Build.0 = Release|Any CPU
	EndGlobalSection
	GlobalSection(SolutionProperties) = preSolution
		HideSolutionNode = FALSE
	EndGlobalSection
	GlobalSection(ExtensibilityGlobals) = postSolution
		SolutionGuid = {00EF1A1A-B84A-40EA-8856-C7CB9AB55968}
	EndGlobalSection
EndGlobal
