
Microsoft Visual Studio Solution File, Format Version 12.00
# Visual Studio Version 17
VisualStudioVersion = 17.14.36603.0 d17.14
MinimumVisualStudioVersion = 10.0.40219.1
Project("{FAE04EC0-301F-11D3-BF4B-00C04F79EFBC}") = "ClassConstructor", "ClassConstructor.csproj", "{E2096704-1410-44DE-93C9-CCB1ED4A4D81}"
EndProject
Global
	GlobalSection(SolutionConfigurationPlatforms) = preSolution
		Debug|Any CPU = Debug|Any CPU
		Release|Any CPU = Release|Any CPU
	EndGlobalSection
	GlobalSection(ProjectConfigurationPlatforms) = postSolution
		{E2096704-1410-44DE-93C9-CCB1ED4A4D81}.Debug|Any CPU.ActiveCfg = Debug|Any CPU
		{E2096704-1410-44DE-93C9-CCB1ED4A4D81}.Debug|Any CPU.Build.0 = Debug|Any CPU
		{E2096704-1410-44DE-93C9-CCB1ED4A4D81}.Release|Any CPU.ActiveCfg = Release|Any CPU
		{E2096704-1410-44DE-93C9-CCB1ED4A4D81}.Release|Any CPU.Build.0 = Release|Any CPU
	EndGlobalSection
	GlobalSection(SolutionProperties) = preSolution
		HideSolutionNode = FALSE
	EndGlobalSection
	GlobalSection(ExtensibilityGlobals) = postSolution
		SolutionGuid = {5F799576-5DC3-4355-8B3A-E87A19787953}
	EndGlobalSection
EndGlobal
