
Microsoft Visual Studio Solution File, Format Version 12.00
# Visual Studio Version 17
VisualStudioVersion = 17.14.36603.0 d17.14
MinimumVisualStudioVersion = 10.0.40219.1
Project("{FAE04EC0-301F-11D3-BF4B-00C04F79EFBC}") = "U5 Switch Statements in C#", "U5 Switch Statements in C#.csproj", "{C7A92BD8-ADD9-439C-8363-71347C6BFA66}"
EndProject
Global
	GlobalSection(SolutionConfigurationPlatforms) = preSolution
		Debug|Any CPU = Debug|Any CPU
		Release|Any CPU = Release|Any CPU
	EndGlobalSection
	GlobalSection(ProjectConfigurationPlatforms) = postSolution
		{C7A92BD8-ADD9-439C-8363-71347C6BFA66}.Debug|Any CPU.ActiveCfg = Debug|Any CPU
		{C7A92BD8-ADD9-439C-8363-71347C6BFA66}.Debug|Any CPU.Build.0 = Debug|Any CPU
		{C7A92BD8-ADD9-439C-8363-71347C6BFA66}.Release|Any CPU.ActiveCfg = Release|Any CPU
		{C7A92BD8-ADD9-439C-8363-71347C6BFA66}.Release|Any CPU.Build.0 = Release|Any CPU
	EndGlobalSection
	GlobalSection(SolutionProperties) = preSolution
		HideSolutionNode = FALSE
	EndGlobalSection
	GlobalSection(ExtensibilityGlobals) = postSolution
		SolutionGuid = {CCFB1DE6-C339-45C3-A29E-AFC9F33BD9CD}
	EndGlobalSection
EndGlobal
