
Microsoft Visual Studio Solution File, Format Version 12.00
# Visual Studio Version 17
VisualStudioVersion = 17.14.36603.0 d17.14
MinimumVisualStudioVersion = 10.0.40219.1
Project("{FAE04EC0-301F-11D3-BF4B-00C04F79EFBC}") = "VariablesDatatypes", "VariablesDatatypes.csproj", "{8415F851-AAA0-43B3-88ED-DB9E9C89F3AE}"
EndProject
Global
	GlobalSection(SolutionConfigurationPlatforms) = preSolution
		Debug|Any CPU = Debug|Any CPU
		Release|Any CPU = Release|Any CPU
	EndGlobalSection
	GlobalSection(ProjectConfigurationPlatforms) = postSolution
		{8415F851-AAA0-43B3-88ED-DB9E9C89F3AE}.Debug|Any CPU.ActiveCfg = Debug|Any CPU
		{8415F851-AAA0-43B3-88ED-DB9E9C89F3AE}.Debug|Any CPU.Build.0 = Debug|Any CPU
		{8415F851-AAA0-43B3-88ED-DB9E9C89F3AE}.Release|Any CPU.ActiveCfg = Release|Any CPU
		{8415F851-AAA0-43B3-88ED-DB9E9C89F3AE}.Release|Any CPU.Build.0 = Release|Any CPU
	EndGlobalSection
	GlobalSection(SolutionProperties) = preSolution
		HideSolutionNode = FALSE
	EndGlobalSection
	GlobalSection(ExtensibilityGlobals) = postSolution
		SolutionGuid = {14A8BD40-66D1-438F-80AB-B8BA2D63675B}
	EndGlobalSection
EndGlobal
