
Microsoft Visual Studio Solution File, Format Version 12.00
# Visual Studio Version 17
VisualStudioVersion = 17.14.36603.0 d17.14
MinimumVisualStudioVersion = 10.0.40219.1
Project("{FAE04EC0-301F-11D3-BF4B-00C04F79EFBC}") = "booleans", "booleans.csproj", "{4084336D-B6A1-4513-9892-A2FB965D82F5}"
EndProject
Global
	GlobalSection(SolutionConfigurationPlatforms) = preSolution
		Debug|Any CPU = Debug|Any CPU
		Release|Any CPU = Release|Any CPU
	EndGlobalSection
	GlobalSection(ProjectConfigurationPlatforms) = postSolution
		{4084336D-B6A1-4513-9892-A2FB965D82F5}.Debug|Any CPU.ActiveCfg = Debug|Any CPU
		{4084336D-B6A1-4513-9892-A2FB965D82F5}.Debug|Any CPU.Build.0 = Debug|Any CPU
		{4084336D-B6A1-4513-9892-A2FB965D82F5}.Release|Any CPU.ActiveCfg = Release|Any CPU
		{4084336D-B6A1-4513-9892-A2FB965D82F5}.Release|Any CPU.Build.0 = Release|Any CPU
	EndGlobalSection
	GlobalSection(SolutionProperties) = preSolution
		HideSolutionNode = FALSE
	EndGlobalSection
	GlobalSection(ExtensibilityGlobals) = postSolution
		SolutionGuid = {D095F2CA-664A-4977-B60F-E37707276EE6}
	EndGlobalSection
EndGlobal
