
Microsoft Visual Studio Solution File, Format Version 12.00
# Visual Studio Version 17
VisualStudioVersion = 17.14.36603.0 d17.14
MinimumVisualStudioVersion = 10.0.40219.1
Project("{FAE04EC0-301F-11D3-BF4B-00C04F79EFBC}") = "2-ConversionInC#", "2-ConversionInC#.csproj", "{CCCE8A27-BB3E-47D9-9850-20A14FF90C0F}"
EndProject
Global
	GlobalSection(SolutionConfigurationPlatforms) = preSolution
		Debug|Any CPU = Debug|Any CPU
		Release|Any CPU = Release|Any CPU
	EndGlobalSection
	GlobalSection(ProjectConfigurationPlatforms) = postSolution
		{CCCE8A27-BB3E-47D9-9850-20A14FF90C0F}.Debug|Any CPU.ActiveCfg = Debug|Any CPU
		{CCCE8A27-BB3E-47D9-9850-20A14FF90C0F}.Debug|Any CPU.Build.0 = Debug|Any CPU
		{CCCE8A27-BB3E-47D9-9850-20A14FF90C0F}.Release|Any CPU.ActiveCfg = Release|Any CPU
		{CCCE8A27-BB3E-47D9-9850-20A14FF90C0F}.Release|Any CPU.Build.0 = Release|Any CPU
	EndGlobalSection
	GlobalSection(SolutionProperties) = preSolution
		HideSolutionNode = FALSE
	EndGlobalSection
	GlobalSection(ExtensibilityGlobals) = postSolution
		SolutionGuid = {3E4E3C75-97B6-46DA-B189-3CFBD0574C85}
	EndGlobalSection
EndGlobal
