
Microsoft Visual Studio Solution File, Format Version 12.00
# Visual Studio Version 17
VisualStudioVersion = 17.14.36603.0 d17.14
MinimumVisualStudioVersion = 10.0.40219.1
Project("{FAE04EC0-301F-11D3-BF4B-00C04F79EFBC}") = "Loops", "Loops.csproj", "{4237F2DF-0F4E-4BD7-8CB2-6BCF57B436EF}"
EndProject
Global
	GlobalSection(SolutionConfigurationPlatforms) = preSolution
		Debug|Any CPU = Debug|Any CPU
		Release|Any CPU = Release|Any CPU
	EndGlobalSection
	GlobalSection(ProjectConfigurationPlatforms) = postSolution
		{4237F2DF-0F4E-4BD7-8CB2-6BCF57B436EF}.Debug|Any CPU.ActiveCfg = Debug|Any CPU
		{4237F2DF-0F4E-4BD7-8CB2-6BCF57B436EF}.Debug|Any CPU.Build.0 = Debug|Any CPU
		{4237F2DF-0F4E-4BD7-8CB2-6BCF57B436EF}.Release|Any CPU.ActiveCfg = Release|Any CPU
		{4237F2DF-0F4E-4BD7-8CB2-6BCF57B436EF}.Release|Any CPU.Build.0 = Release|Any CPU
	EndGlobalSection
	GlobalSection(SolutionProperties) = preSolution
		HideSolutionNode = FALSE
	EndGlobalSection
	GlobalSection(ExtensibilityGlobals) = postSolution
		SolutionGuid = {0E913124-A3C7-4E98-A586-AD3E9B74ED57}
	EndGlobalSection
EndGlobal
