
Microsoft Visual Studio Solution File, Format Version 12.00
# Visual Studio Version 17
VisualStudioVersion = 17.14.36623.8 d17.14
MinimumVisualStudioVersion = 10.0.40219.1
Project("{FAE04EC0-301F-11D3-BF4B-00C04F79EFBC}") = "StringNullorEmpty", "StringNullorEmpty.csproj", "{255F886D-4621-453A-B054-2B6F4D481DCA}"
EndProject
Global
	GlobalSection(SolutionConfigurationPlatforms) = preSolution
		Debug|Any CPU = Debug|Any CPU
		Release|Any CPU = Release|Any CPU
	EndGlobalSection
	GlobalSection(ProjectConfigurationPlatforms) = postSolution
		{255F886D-4621-453A-B054-2B6F4D481DCA}.Debug|Any CPU.ActiveCfg = Debug|Any CPU
		{255F886D-4621-453A-B054-2B6F4D481DCA}.Debug|Any CPU.Build.0 = Debug|Any CPU
		{255F886D-4621-453A-B054-2B6F4D481DCA}.Release|Any CPU.ActiveCfg = Release|Any CPU
		{255F886D-4621-453A-B054-2B6F4D481DCA}.Release|Any CPU.Build.0 = Release|Any CPU
	EndGlobalSection
	GlobalSection(SolutionProperties) = preSolution
		HideSolutionNode = FALSE
	EndGlobalSection
	GlobalSection(ExtensibilityGlobals) = postSolution
		SolutionGuid = {6507484A-7098-4390-9BCF-0D958061027E}
	EndGlobalSection
EndGlobal
