
Microsoft Visual Studio Solution File, Format Version 12.00
# Visual Studio Version 17
VisualStudioVersion = 17.14.36603.0 d17.14
MinimumVisualStudioVersion = 10.0.40219.1
Project("{FAE04EC0-301F-11D3-BF4B-00C04F79EFBC}") = "ClassPropertiesPart2", "ClassPropertiesPart2.csproj", "{76EC308E-0035-4BD9-9350-B08AAD6F0419}"
EndProject
Global
	GlobalSection(SolutionConfigurationPlatforms) = preSolution
		Debug|Any CPU = Debug|Any CPU
		Release|Any CPU = Release|Any CPU
	EndGlobalSection
	GlobalSection(ProjectConfigurationPlatforms) = postSolution
		{76EC308E-0035-4BD9-9350-B08AAD6F0419}.Debug|Any CPU.ActiveCfg = Debug|Any CPU
		{76EC308E-0035-4BD9-9350-B08AAD6F0419}.Debug|Any CPU.Build.0 = Debug|Any CPU
		{76EC308E-0035-4BD9-9350-B08AAD6F0419}.Release|Any CPU.ActiveCfg = Release|Any CPU
		{76EC308E-0035-4BD9-9350-B08AAD6F0419}.Release|Any CPU.Build.0 = Release|Any CPU
	EndGlobalSection
	GlobalSection(SolutionProperties) = preSolution
		HideSolutionNode = FALSE
	EndGlobalSection
	GlobalSection(ExtensibilityGlobals) = postSolution
		SolutionGuid = {2CFC3684-03FB-495C-B306-96501B9CD1A0}
	EndGlobalSection
EndGlobal
