
Microsoft Visual Studio Solution File, Format Version 12.00
# Visual Studio Version 17
VisualStudioVersion = 17.11.35327.3
MinimumVisualStudioVersion = 10.0.40219.1
Project("{FAE04EC0-301F-11D3-BF4B-00C04F79EFBC}") = "ClassConstructor2", "ClassConstructor2.csproj", "{20BB70B1-F4EE-472D-9473-49F045BA5E57}"
EndProject
Global
	GlobalSection(SolutionConfigurationPlatforms) = preSolution
		Debug|Any CPU = Debug|Any CPU
		Release|Any CPU = Release|Any CPU
	EndGlobalSection
	GlobalSection(ProjectConfigurationPlatforms) = postSolution
		{20BB70B1-F4EE-472D-9473-49F045BA5E57}.Debug|Any CPU.ActiveCfg = Debug|Any CPU
		{20BB70B1-F4EE-472D-9473-49F045BA5E57}.Debug|Any CPU.Build.0 = Debug|Any CPU
		{20BB70B1-F4EE-472D-9473-49F045BA5E57}.Release|Any CPU.ActiveCfg = Release|Any CPU
		{20BB70B1-F4EE-472D-9473-49F045BA5E57}.Release|Any CPU.Build.0 = Release|Any CPU
	EndGlobalSection
	GlobalSection(SolutionProperties) = preSolution
		HideSolutionNode = FALSE
	EndGlobalSection
	GlobalSection(ExtensibilityGlobals) = postSolution
		SolutionGuid = {6D9B8A1C-9285-4A03-AEE7-19EA9C3940FD}
	EndGlobalSection
EndGlobal
